
Microsoft Visual Studio Solution File, Format Version 12.00
# Visual Studio Version 17
VisualStudioVersion = 17.0.31912.275
MinimumVisualStudioVersion = 10.0.40219.1
Project("{FAE04EC0-301F-11D3-BF4B-00C04F79EFBC}") = "DIExample", "DIExample\DIExample.csproj", "{7F4F7D14-28B7-4111-B8A5-B3703AC247E1}"
EndProject
Project("{FAE04EC0-301F-11D3-BF4B-00C04F79EFBC}") = "Services", "Services\Services.csproj", "{BC7F6B73-2234-488C-8F70-DA7CFDB7A7B0}"
EndProject
Global
	GlobalSection(SolutionConfigurationPlatforms) = preSolution
		Debug|Any CPU = Debug|Any CPU
		Release|Any CPU = Release|Any CPU
	EndGlobalSection
	GlobalSection(ProjectConfigurationPlatforms) = postSolution
		{7F4F7D14-28B7-4111-B8A5-B3703AC247E1}.Debug|Any CPU.ActiveCfg = Debug|Any CPU
		{7F4F7D14-28B7-4111-B8A5-B3703AC247E1}.Debug|Any CPU.Build.0 = Debug|Any CPU
		{7F4F7D14-28B7-4111-B8A5-B3703AC247E1}.Release|Any CPU.ActiveCfg = Release|Any CPU
		{7F4F7D14-28B7-4111-B8A5-B3703AC247E1}.Release|Any CPU.Build.0 = Release|Any CPU
		{BC7F6B73-2234-488C-8F70-DA7CFDB7A7B0}.Debug|Any CPU.ActiveCfg = Debug|Any CPU
		{BC7F6B73-2234-488C-8F70-DA7CFDB7A7B0}.Debug|Any CPU.Build.0 = Debug|Any CPU
		{BC7F6B73-2234-488C-8F70-DA7CFDB7A7B0}.Release|Any CPU.ActiveCfg = Release|Any CPU
		{BC7F6B73-2234-488C-8F70-DA7CFDB7A7B0}.Release|Any CPU.Build.0 = Release|Any CPU
	EndGlobalSection
	GlobalSection(SolutionProperties) = preSolution
		HideSolutionNode = FALSE
	EndGlobalSection
	GlobalSection(ExtensibilityGlobals) = postSolution
		SolutionGuid = {4FD3827A-6DC3-4FDE-8C54-E9690FE99EC8}
	EndGlobalSection
EndGlobal
