
Microsoft Visual Studio Solution File, Format Version 12.00
# Visual Studio Version 17
VisualStudioVersion = 17.0.31912.275
MinimumVisualStudioVersion = 10.0.40219.1
Project("{FAE04EC0-301F-11D3-BF4B-00C04F79EFBC}") = "ControllersExample", "ControllersExample\ControllersExample.csproj", "{B4488430-8AB6-45AC-A48F-4FAF3113B988}"
EndProject
Global
	GlobalSection(SolutionConfigurationPlatforms) = preSolution
		Debug|Any CPU = Debug|Any CPU
		Release|Any CPU = Release|Any CPU
	EndGlobalSection
	GlobalSection(ProjectConfigurationPlatforms) = postSolution
		{B4488430-8AB6-45AC-A48F-4FAF3113B988}.Debug|Any CPU.ActiveCfg = Debug|Any CPU
		{B4488430-8AB6-45AC-A48F-4FAF3113B988}.Debug|Any CPU.Build.0 = Debug|Any CPU
		{B4488430-8AB6-45AC-A48F-4FAF3113B988}.Release|Any CPU.ActiveCfg = Release|Any CPU
		{B4488430-8AB6-45AC-A48F-4FAF3113B988}.Release|Any CPU.Build.0 = Release|Any CPU
	EndGlobalSection
	GlobalSection(SolutionProperties) = preSolution
		HideSolutionNode = FALSE
	EndGlobalSection
	GlobalSection(ExtensibilityGlobals) = postSolution
		SolutionGuid = {332F35F6-34B8-4419-AB9D-B0E74BF3CDB3}
	EndGlobalSection
EndGlobal
